
Microsoft Visual Studio Solution File, Format Version 12.00
# Visual Studio Version 17
VisualStudioVersion = 17.4.33122.133
MinimumVisualStudioVersion = 10.0.40219.1
Project("{FAE04EC0-301F-11D3-BF4B-00C04F79EFBC}") = "TestProject.Middleware", "TestProject.Middleware\TestProject.Middleware.csproj", "{5C171C78-9F24-4145-8649-78D56F81DA1F}"
EndProject
Project("{FAE04EC0-301F-11D3-BF4B-00C04F79EFBC}") = "TestProject.Service.Weather", "TestProject.Service\TestProject.Service.Weather.csproj", "{A917D094-F2D5-44E0-B1EF-924FD9AFFE75}"
EndProject
Project("{FAE04EC0-301F-11D3-BF4B-00C04F79EFBC}") = "TestProject.Report.Factory", "TestProject.Report.Factory\TestProject.Report.Factory.csproj", "{33AA5127-4A89-447E-9653-A9FA3971832E}"
EndProject
Project("{FAE04EC0-301F-11D3-BF4B-00C04F79EFBC}") = "TestProject", "TestProject\TestProject.csproj", "{71323AE5-B37E-4DC7-A689-41795662DF5A}"
EndProject
Project("{E53339B2-1760-4266-BCC7-CA923CBCF16C}") = "docker-compose", "docker-compose.dcproj", "{FA74A6ED-EA42-47F5-B360-9DC2375DA7B9}"
EndProject
Global
	GlobalSection(SolutionConfigurationPlatforms) = preSolution
		Debug|Any CPU = Debug|Any CPU
		Release|Any CPU = Release|Any CPU
	EndGlobalSection
	GlobalSection(ProjectConfigurationPlatforms) = postSolution
		{EBD88234-5BBE-478E-9A29-04B8B4E33F1E}.Debug|Any CPU.ActiveCfg = Debug|Any CPU
		{EBD88234-5BBE-478E-9A29-04B8B4E33F1E}.Debug|Any CPU.Build.0 = Debug|Any CPU
		{EBD88234-5BBE-478E-9A29-04B8B4E33F1E}.Release|Any CPU.ActiveCfg = Release|Any CPU
		{EBD88234-5BBE-478E-9A29-04B8B4E33F1E}.Release|Any CPU.Build.0 = Release|Any CPU
		{5C171C78-9F24-4145-8649-78D56F81DA1F}.Debug|Any CPU.ActiveCfg = Debug|Any CPU
		{5C171C78-9F24-4145-8649-78D56F81DA1F}.Debug|Any CPU.Build.0 = Debug|Any CPU
		{5C171C78-9F24-4145-8649-78D56F81DA1F}.Release|Any CPU.ActiveCfg = Release|Any CPU
		{5C171C78-9F24-4145-8649-78D56F81DA1F}.Release|Any CPU.Build.0 = Release|Any CPU
		{A917D094-F2D5-44E0-B1EF-924FD9AFFE75}.Debug|Any CPU.ActiveCfg = Debug|Any CPU
		{A917D094-F2D5-44E0-B1EF-924FD9AFFE75}.Debug|Any CPU.Build.0 = Debug|Any CPU
		{A917D094-F2D5-44E0-B1EF-924FD9AFFE75}.Release|Any CPU.ActiveCfg = Release|Any CPU
		{A917D094-F2D5-44E0-B1EF-924FD9AFFE75}.Release|Any CPU.Build.0 = Release|Any CPU
		{33AA5127-4A89-447E-9653-A9FA3971832E}.Debug|Any CPU.ActiveCfg = Debug|Any CPU
		{33AA5127-4A89-447E-9653-A9FA3971832E}.Debug|Any CPU.Build.0 = Debug|Any CPU
		{33AA5127-4A89-447E-9653-A9FA3971832E}.Release|Any CPU.ActiveCfg = Release|Any CPU
		{33AA5127-4A89-447E-9653-A9FA3971832E}.Release|Any CPU.Build.0 = Release|Any CPU
		{71323AE5-B37E-4DC7-A689-41795662DF5A}.Debug|Any CPU.ActiveCfg = Debug|Any CPU
		{71323AE5-B37E-4DC7-A689-41795662DF5A}.Debug|Any CPU.Build.0 = Debug|Any CPU
		{71323AE5-B37E-4DC7-A689-41795662DF5A}.Release|Any CPU.ActiveCfg = Release|Any CPU
		{71323AE5-B37E-4DC7-A689-41795662DF5A}.Release|Any CPU.Build.0 = Release|Any CPU
		{FA74A6ED-EA42-47F5-B360-9DC2375DA7B9}.Debug|Any CPU.ActiveCfg = Debug|Any CPU
		{FA74A6ED-EA42-47F5-B360-9DC2375DA7B9}.Debug|Any CPU.Build.0 = Debug|Any CPU
		{FA74A6ED-EA42-47F5-B360-9DC2375DA7B9}.Release|Any CPU.ActiveCfg = Release|Any CPU
		{FA74A6ED-EA42-47F5-B360-9DC2375DA7B9}.Release|Any CPU.Build.0 = Release|Any CPU
	EndGlobalSection
	GlobalSection(SolutionProperties) = preSolution
		HideSolutionNode = FALSE
	EndGlobalSection
	GlobalSection(ExtensibilityGlobals) = postSolution
		SolutionGuid = {0328D72C-7337-458C-9558-1B4A7EB48C59}
	EndGlobalSection
EndGlobal
