
Microsoft Visual Studio Solution File, Format Version 12.00
# Visual Studio Version 16
VisualStudioVersion = 25.0.1705.4
MinimumVisualStudioVersion = 10.0.40219.1
Project("{FAE04EC0-301F-11D3-BF4B-00C04F79EFBC}") = "TestProject", "TestProject\TestProject.csproj", "{0A06354F-CAF7-4E29-A78A-9B4347538CDF}"
EndProject
Project("{E53339B2-1760-4266-BCC7-CA923CBCF16C}") = "docker-compose", "docker-compose.dcproj", "{FA74A6ED-EA42-47F5-B360-9DC2375DA7B9}"
EndProject
Global
	GlobalSection(SolutionConfigurationPlatforms) = preSolution
		Debug|Any CPU = Debug|Any CPU
		Release|Any CPU = Release|Any CPU
	EndGlobalSection
	GlobalSection(ProjectConfigurationPlatforms) = postSolution
		{0A06354F-CAF7-4E29-A78A-9B4347538CDF}.Debug|Any CPU.ActiveCfg = Debug|Any CPU
		{0A06354F-CAF7-4E29-A78A-9B4347538CDF}.Debug|Any CPU.Build.0 = Debug|Any CPU
		{0A06354F-CAF7-4E29-A78A-9B4347538CDF}.Release|Any CPU.ActiveCfg = Release|Any CPU
		{0A06354F-CAF7-4E29-A78A-9B4347538CDF}.Release|Any CPU.Build.0 = Release|Any CPU
		{FA74A6ED-EA42-47F5-B360-9DC2375DA7B9}.Debug|Any CPU.ActiveCfg = Debug|Any CPU
		{FA74A6ED-EA42-47F5-B360-9DC2375DA7B9}.Debug|Any CPU.Build.0 = Debug|Any CPU
		{FA74A6ED-EA42-47F5-B360-9DC2375DA7B9}.Release|Any CPU.ActiveCfg = Release|Any CPU
		{FA74A6ED-EA42-47F5-B360-9DC2375DA7B9}.Release|Any CPU.Build.0 = Release|Any CPU
	EndGlobalSection
	GlobalSection(SolutionProperties) = preSolution
		HideSolutionNode = FALSE
	EndGlobalSection
	GlobalSection(ExtensibilityGlobals) = postSolution
		SolutionGuid = {0328D72C-7337-458C-9558-1B4A7EB48C59}
	EndGlobalSection
EndGlobal
